
Microsoft Visual Studio Solution File, Format Version 12.00
# Visual Studio Version 16
VisualStudioVersion = 16.0.32126.315
MinimumVisualStudioVersion = 10.0.40219.1
Project("{8BC9CEB8-8B4A-11D0-8D11-00A0C91BC942}") = "AjedrezINC", "AjedrezINC\AjedrezINC.vcxproj", "{858F94A3-D11F-4E4E-8FFC-8D78941F829B}"
EndProject
Global
	GlobalSection(SolutionConfigurationPlatforms) = preSolution
		Debug|x64 = Debug|x64
		Debug|x86 = Debug|x86
		Release|x64 = Release|x64
		Release|x86 = Release|x86
	EndGlobalSection
	GlobalSection(ProjectConfigurationPlatforms) = postSolution
		{858F94A3-D11F-4E4E-8FFC-8D78941F829B}.Debug|x64.ActiveCfg = Debug|x64
		{858F94A3-D11F-4E4E-8FFC-8D78941F829B}.Debug|x64.Build.0 = Debug|x64
		{858F94A3-D11F-4E4E-8FFC-8D78941F829B}.Debug|x86.ActiveCfg = Debug|Win32
		{858F94A3-D11F-4E4E-8FFC-8D78941F829B}.Debug|x86.Build.0 = Debug|Win32
		{858F94A3-D11F-4E4E-8FFC-8D78941F829B}.Release|x64.ActiveCfg = Release|x64
		{858F94A3-D11F-4E4E-8FFC-8D78941F829B}.Release|x64.Build.0 = Release|x64
		{858F94A3-D11F-4E4E-8FFC-8D78941F829B}.Release|x86.ActiveCfg = Release|Win32
		{858F94A3-D11F-4E4E-8FFC-8D78941F829B}.Release|x86.Build.0 = Release|Win32
	EndGlobalSection
	GlobalSection(SolutionProperties) = preSolution
		HideSolutionNode = FALSE
	EndGlobalSection
	GlobalSection(ExtensibilityGlobals) = postSolution
		SolutionGuid = {EC594074-2C70-4C11-A269-07BBA01EDD2A}
	EndGlobalSection
EndGlobal
