
Microsoft Visual Studio Solution File, Format Version 12.00
# Visual Studio Version 17
VisualStudioVersion = 17.0.32112.339
MinimumVisualStudioVersion = 10.0.40219.1
Project("{8BC9CEB8-8B4A-11D0-8D11-00A0C91BC942}") = "Ajedrez_v1.0", "Ajedrez_v1.0\Ajedrez_v1.0.vcxproj", "{FFC24850-015C-42FF-8140-DC9DE15E308D}"
EndProject
Global
	GlobalSection(SolutionConfigurationPlatforms) = preSolution
		Debug|x64 = Debug|x64
		Debug|x86 = Debug|x86
		Release|x64 = Release|x64
		Release|x86 = Release|x86
	EndGlobalSection
	GlobalSection(ProjectConfigurationPlatforms) = postSolution
		{FFC24850-015C-42FF-8140-DC9DE15E308D}.Debug|x64.ActiveCfg = Debug|x64
		{FFC24850-015C-42FF-8140-DC9DE15E308D}.Debug|x64.Build.0 = Debug|x64
		{FFC24850-015C-42FF-8140-DC9DE15E308D}.Debug|x86.ActiveCfg = Debug|Win32
		{FFC24850-015C-42FF-8140-DC9DE15E308D}.Debug|x86.Build.0 = Debug|Win32
		{FFC24850-015C-42FF-8140-DC9DE15E308D}.Release|x64.ActiveCfg = Release|x64
		{FFC24850-015C-42FF-8140-DC9DE15E308D}.Release|x64.Build.0 = Release|x64
		{FFC24850-015C-42FF-8140-DC9DE15E308D}.Release|x86.ActiveCfg = Release|Win32
		{FFC24850-015C-42FF-8140-DC9DE15E308D}.Release|x86.Build.0 = Release|Win32
	EndGlobalSection
	GlobalSection(SolutionProperties) = preSolution
		HideSolutionNode = FALSE
	EndGlobalSection
	GlobalSection(ExtensibilityGlobals) = postSolution
		SolutionGuid = {E2DD6C57-F319-49DB-8016-A655DA55FB33}
	EndGlobalSection
EndGlobal
