<?xml version="1.0" encoding="utf-8"?>
<Project ToolsVersion="4.0" xmlns="http://schemas.microsoft.com/developer/msbuild/2003">
  <ItemGroup>
    <Filter Include="Archivos de recursos">
      <UniqueIdentifier>{67DA6AB6-F800-4c08-8B7A-83BB121AAD01}</UniqueIdentifier>
      <Extensions>rc;ico;cur;bmp;dlg;rc2;rct;bin;rgs;gif;jpg;jpeg;jpe;resx;tiff;tif;png;wav;mfcribbon-ms</Extensions>
    </Filter>
    <Filter Include="Modelo">
      <UniqueIdentifier>{ece9c225-15ae-41dd-a2fb-95b3de700a95}</UniqueIdentifier>
    </Filter>
    <Filter Include="Vista">
      <UniqueIdentifier>{8d92f85c-291a-4db8-ad6a-ea4098361f45}</UniqueIdentifier>
    </Filter>
    <Filter Include="Controlador">
      <UniqueIdentifier>{0137d46a-2a62-4e86-a67d-aecb59409ec4}</UniqueIdentifier>
    </Filter>
    <Filter Include="Modelo\src">
      <UniqueIdentifier>{9d865a93-1cc8-4090-b159-5130cdd09472}</UniqueIdentifier>
    </Filter>
  </ItemGroup>
  <ItemGroup>
    <ClCompile Include="main.cpp" />
    <ClCompile Include="Tablero.cpp">
      <Filter>Modelo\src</Filter>
    </ClCompile>
    <ClCompile Include="Casilla.cpp">
      <Filter>Modelo\src</Filter>
    </ClCompile>
  </ItemGroup>
  <ItemGroup>
    <ClInclude Include="Tablero.h">
      <Filter>Modelo\src</Filter>
    </ClInclude>
    <ClInclude Include="Casilla.h">
      <Filter>Modelo\src</Filter>
    </ClInclude>
  </ItemGroup>
</Project>